# THIS IS AN AUTOGENERATED FILE. DO NOT EDIT THIS FILE DIRECTLY.
# yarn lockfile v1


"@prettier/plugin-php@^0.19.1":
  version "0.19.1"
  resolved "https://registry.yarnpkg.com/@prettier/plugin-php/-/plugin-php-0.19.1.tgz#23b4ca6bbd05f1dc607a5f90877cfc2354b5294c"
  integrity sha512-faoQX6QF4JZ0xJT+FRkMU7JnUTqVFRSwz7oKYuKgjY6u8VHSURlRXVkP4UyXxsTPAGjVJpNh7JseKkpK1DZziw==
  dependencies:
    linguist-languages "^7.21.0"
    mem "^8.0.0"
    php-parser "^3.1.1"

linguist-languages@^7.21.0:
  version "7.21.0"
  resolved "https://registry.yarnpkg.com/linguist-languages/-/linguist-languages-7.21.0.tgz#da0184f622367cb092f1f8ba435937a85534f675"
  integrity sha512-KrWJJbFOvlDhjlt5OhUipVlXg+plUfRurICAyij1ZVxQcqPt/zeReb9KiUVdGUwwhS/2KS9h3TbyfYLA5MDlxQ==

map-age-cleaner@^0.1.3:
  version "0.1.3"
  resolved "https://registry.yarnpkg.com/map-age-cleaner/-/map-age-cleaner-0.1.3.tgz#7d583a7306434c055fe474b0f45078e6e1b4b92a"
  integrity sha512-bJzx6nMoP6PDLPBFmg7+xRKeFZvFboMrGlxmNj9ClvX53KrmvM5bXFXEWjbz4cz1AFn+jWJ9z/DJSz7hrs0w3w==
  dependencies:
    p-defer "^1.0.0"

mem@^8.0.0:
  version "8.1.1"
  resolved "https://registry.yarnpkg.com/mem/-/mem-8.1.1.tgz#cf118b357c65ab7b7e0817bdf00c8062297c0122"
  integrity sha512-qFCFUDs7U3b8mBDPyz5EToEKoAkgCzqquIgi9nkkR9bixxOVOre+09lbuH7+9Kn2NFpm56M3GUWVbU2hQgdACA==
  dependencies:
    map-age-cleaner "^0.1.3"
    mimic-fn "^3.1.0"

mimic-fn@^3.1.0:
  version "3.1.0"
  resolved "https://registry.yarnpkg.com/mimic-fn/-/mimic-fn-3.1.0.tgz#65755145bbf3e36954b949c16450427451d5ca74"
  integrity sha512-Ysbi9uYW9hFyfrThdDEQuykN4Ey6BuwPD2kpI5ES/nFTDn/98yxYNLZJcgUAKPT/mcrLLKaGzJR9YVxJrIdASQ==

p-defer@^1.0.0:
  version "1.0.0"
  resolved "https://registry.yarnpkg.com/p-defer/-/p-defer-1.0.0.tgz#9f6eb182f6c9aa8cd743004a7d4f96b196b0fb0c"
  integrity sha512-wB3wfAxZpk2AzOfUMJNL+d36xothRSyj8EXOa4f6GMqYDN9BJaaSISbsk+wS9abmnebVw95C2Kb5t85UmpCxuw==

php-parser@^3.1.1:
  version "3.1.1"
  resolved "https://registry.yarnpkg.com/php-parser/-/php-parser-3.1.1.tgz#203905e9c7d69851306968334e39458268c99336"
  integrity sha512-HUxWIWpJoGhnSVzM6nPI1O2RePd7eJKzJoL3VZr6/KUUdcHKBex2Cp7p6pWOV1WxgKI/oYgRPMywwLCP789OYA==

prettier@^2.7.1:
  version "2.7.1"
  resolved "https://registry.yarnpkg.com/prettier/-/prettier-2.7.1.tgz#e235806850d057f97bb08368a4f7d899f7760c64"
  integrity sha512-ujppO+MkdPqoVINuDFDRLClm7D78qbDt0/NR+wp5FqEZOoTNAjPHWj17QRhu7geIHJfcNhRk1XVQmF8Bp3ye+g==
